
Microsoft Visual Studio Solution File, Format Version 12.00
# Visual Studio Version 17
VisualStudioVersion = 17.14.36518.9 d17.14
MinimumVisualStudioVersion = 10.0.40219.1
Project("{FAE04EC0-301F-11D3-BF4B-00C04F79EFBC}") = "WpfOxyPlotTest1", "WpfInteractiveDataDisplayTest1\WpfOxyPlotTest1.csproj", "{C0F5F461-6E93-454C-9EC6-94BBE14AD010}"
EndProject
Global
	GlobalSection(SolutionConfigurationPlatforms) = preSolution
		Debug|Any CPU = Debug|Any CPU
		Release|Any CPU = Release|Any CPU
	EndGlobalSection
	GlobalSection(ProjectConfigurationPlatforms) = postSolution
		{C0F5F461-6E93-454C-9EC6-94BBE14AD010}.Debug|Any CPU.ActiveCfg = Debug|Any CPU
		{C0F5F461-6E93-454C-9EC6-94BBE14AD010}.Debug|Any CPU.Build.0 = Debug|Any CPU
		{C0F5F461-6E93-454C-9EC6-94BBE14AD010}.Release|Any CPU.ActiveCfg = Release|Any CPU
		{C0F5F461-6E93-454C-9EC6-94BBE14AD010}.Release|Any CPU.Build.0 = Release|Any CPU
	EndGlobalSection
	GlobalSection(SolutionProperties) = preSolution
		HideSolutionNode = FALSE
	EndGlobalSection
	GlobalSection(ExtensibilityGlobals) = postSolution
		SolutionGuid = {53E86609-4A6B-469C-AD89-9B8D3D56AAA6}
	EndGlobalSection
EndGlobal
